
Microsoft Visual Studio Solution File, Format Version 12.00
# Visual Studio Version 17
VisualStudioVersion = 17.0.31903.59
MinimumVisualStudioVersion = 10.0.40219.1
Project("{2150E333-8FDC-42A3-9474-1A3956D46DE8}") = "src", "src", "{5BC84E04-69EA-49E2-8D3B-2DC607CB2C57}"
EndProject
Project("{FAE04EC0-301F-11D3-BF4B-00C04F79EFBC}") = "ECommerceAPI.API", "src\ECommerceAPI.API\ECommerceAPI.API.csproj", "{B831D0C3-DF6D-4901-8820-BD1EF0EBFA7E}"
EndProject
Project("{FAE04EC0-301F-11D3-BF4B-00C04F79EFBC}") = "ECommerceAPI.Application", "src\ECommerceAPI.Application\ECommerceAPI.Application.csproj", "{5A7C5378-D6FE-483A-B1AE-02AF5228C997}"
EndProject
Project("{FAE04EC0-301F-11D3-BF4B-00C04F79EFBC}") = "ECommerceAPI.Domain", "src\ECommerceAPI.Domain\ECommerceAPI.Domain.csproj", "{993416C5-DE86-4B03-A9FF-70B9086553DD}"
EndProject
Project("{FAE04EC0-301F-11D3-BF4B-00C04F79EFBC}") = "ECommerceAPI.Infrastructure", "src\ECommerceAPI.Infrastructure\ECommerceAPI.Infrastructure.csproj", "{5C11F64B-4709-403C-BC02-141B7CAD7005}"
EndProject
Global
	GlobalSection(SolutionConfigurationPlatforms) = preSolution
		Debug|Any CPU = Debug|Any CPU
		Release|Any CPU = Release|Any CPU
	EndGlobalSection
	GlobalSection(SolutionProperties) = preSolution
		HideSolutionNode = FALSE
	EndGlobalSection
	GlobalSection(ProjectConfigurationPlatforms) = postSolution
		{B831D0C3-DF6D-4901-8820-BD1EF0EBFA7E}.Debug|Any CPU.ActiveCfg = Debug|Any CPU
		{B831D0C3-DF6D-4901-8820-BD1EF0EBFA7E}.Debug|Any CPU.Build.0 = Debug|Any CPU
		{B831D0C3-DF6D-4901-8820-BD1EF0EBFA7E}.Release|Any CPU.ActiveCfg = Release|Any CPU
		{B831D0C3-DF6D-4901-8820-BD1EF0EBFA7E}.Release|Any CPU.Build.0 = Release|Any CPU
		{5A7C5378-D6FE-483A-B1AE-02AF5228C997}.Debug|Any CPU.ActiveCfg = Debug|Any CPU
		{5A7C5378-D6FE-483A-B1AE-02AF5228C997}.Debug|Any CPU.Build.0 = Debug|Any CPU
		{5A7C5378-D6FE-483A-B1AE-02AF5228C997}.Release|Any CPU.ActiveCfg = Release|Any CPU
		{5A7C5378-D6FE-483A-B1AE-02AF5228C997}.Release|Any CPU.Build.0 = Release|Any CPU
		{993416C5-DE86-4B03-A9FF-70B9086553DD}.Debug|Any CPU.ActiveCfg = Debug|Any CPU
		{993416C5-DE86-4B03-A9FF-70B9086553DD}.Debug|Any CPU.Build.0 = Debug|Any CPU
		{993416C5-DE86-4B03-A9FF-70B9086553DD}.Release|Any CPU.ActiveCfg = Release|Any CPU
		{993416C5-DE86-4B03-A9FF-70B9086553DD}.Release|Any CPU.Build.0 = Release|Any CPU
		{5C11F64B-4709-403C-BC02-141B7CAD7005}.Debug|Any CPU.ActiveCfg = Debug|Any CPU
		{5C11F64B-4709-403C-BC02-141B7CAD7005}.Debug|Any CPU.Build.0 = Debug|Any CPU
		{5C11F64B-4709-403C-BC02-141B7CAD7005}.Release|Any CPU.ActiveCfg = Release|Any CPU
		{5C11F64B-4709-403C-BC02-141B7CAD7005}.Release|Any CPU.Build.0 = Release|Any CPU
	EndGlobalSection
	GlobalSection(NestedProjects) = preSolution
		{B831D0C3-DF6D-4901-8820-BD1EF0EBFA7E} = {5BC84E04-69EA-49E2-8D3B-2DC607CB2C57}
		{5A7C5378-D6FE-483A-B1AE-02AF5228C997} = {5BC84E04-69EA-49E2-8D3B-2DC607CB2C57}
		{993416C5-DE86-4B03-A9FF-70B9086553DD} = {5BC84E04-69EA-49E2-8D3B-2DC607CB2C57}
		{5C11F64B-4709-403C-BC02-141B7CAD7005} = {5BC84E04-69EA-49E2-8D3B-2DC607CB2C57}
	EndGlobalSection
EndGlobal
